<?xml version="1.0" encoding="utf-8"?>
<Project ToolsVersion="4.0" xmlns="http://schemas.microsoft.com/developer/msbuild/2003">
  <ItemGroup>
    <Filter Include="Source Files">
      <UniqueIdentifier>{4FC737F1-C7A5-4376-A066-2A32D752A2FF}</UniqueIdentifier>
      <Extensions>cpp;c;cc;cxx;def;odl;idl;hpj;bat;asm;asmx</Extensions>
    </Filter>
    <Filter Include="Header Files">
      <UniqueIdentifier>{93995380-89BD-4b04-88EB-625FBE52EBFB}</UniqueIdentifier>
      <Extensions>h;hh;hpp;hxx;hm;inl;inc;xsd</Extensions>
    </Filter>
    <Filter Include="Resource Files">
      <UniqueIdentifier>{67DA6AB6-F800-4c08-8B7A-83BB121AAD01}</UniqueIdentifier>
      <Extensions>rc;ico;cur;bmp;dlg;rc2;rct;bin;rgs;gif;jpg;jpeg;jpe;resx;tiff;tif;png;wav;mfcribbon-ms</Extensions>
    </Filter>
  </ItemGroup>
  <ItemGroup>
    <Text Include="ReadMe.txt" />
  </ItemGroup>
  <ItemGroup>
    <ClInclude Include="stdafx.h">
      <Filter>Header Files</Filter>
    </ClInclude>
    <ClInclude Include="targetver.h">
      <Filter>Header Files</Filter>
    </ClInclude>
    <ClInclude Include="Exabytes.hpp">
      <Filter>Header Files</Filter>
    </ClInclude>
    <ClInclude Include="MemoryStore.hpp">
      <Filter>Header Files</Filter>
    </ClInclude>
    <ClInclude Include="PersistentStore.hpp">
      <Filter>Header Files</Filter>
    </ClInclude>
    <ClInclude Include="RedundantStore.hpp">
      <Filter>Header Files</Filter>
    </ClInclude>
    <ClInclude Include="Catalog.hpp">
      <Filter>Header Files</Filter>
    </ClInclude>
    <ClInclude Include="FileManager.hpp">
      <Filter>Header Files</Filter>
    </ClInclude>
    <ClInclude Include="ChainedFileStore.hpp">
      <Filter>Header Files</Filter>
    </ClInclude>
    <ClInclude Include="TestHooks.hpp">
      <Filter>Header Files</Filter>
    </ClInclude>
    <ClInclude Include="EbPartition.hpp">
      <Filter>Header Files</Filter>
    </ClInclude>
    <ClInclude Include="EbServer.hpp">
      <Filter>Header Files</Filter>
    </ClInclude>
    <ClInclude Include="ReducedKeyMap.hpp">
      <Filter>Header Files</Filter>
    </ClInclude>
    <ClInclude Include="Replicator.hpp">
      <Filter>Header Files</Filter>
    </ClInclude>
    <ClInclude Include="BlockFile.hpp">
      <Filter>Header Files</Filter>
    </ClInclude>
    <ClInclude Include="Bloom.hpp">
      <Filter>Header Files</Filter>
    </ClInclude>
  </ItemGroup>
  <ItemGroup>
    <ClCompile Include="stdafx.cpp">
      <Filter>Source Files</Filter>
    </ClCompile>
    <ClCompile Include="Exabytes.cpp">
      <Filter>Source Files</Filter>
    </ClCompile>
    <ClCompile Include="MemoryStore.cpp">
      <Filter>Source Files</Filter>
    </ClCompile>
    <ClCompile Include="AsyncFileQueue.cpp">
      <Filter>Source Files</Filter>
    </ClCompile>
    <ClCompile Include="ChainedFileStore.cpp">
      <Filter>Source Files</Filter>
    </ClCompile>
    <ClCompile Include="TestHooks.cpp">
      <Filter>Source Files</Filter>
    </ClCompile>
    <ClCompile Include="EbPartition.cpp">
      <Filter>Source Files</Filter>
    </ClCompile>
    <ClCompile Include="EbServer.cpp">
      <Filter>Source Files</Filter>
    </ClCompile>
    <ClCompile Include="ReducedKeyMap.cpp">
      <Filter>Source Files</Filter>
    </ClCompile>
    <ClCompile Include="ReducedMapCatalog.cpp">
      <Filter>Source Files</Filter>
    </ClCompile>
    <ClCompile Include="Replicator.cpp">
      <Filter>Source Files</Filter>
    </ClCompile>
  </ItemGroup>
</Project>