<?xml version="1.0" encoding="utf-8"?>
<Project ToolsVersion="4.0" xmlns="http://schemas.microsoft.com/developer/msbuild/2003">
  <ItemGroup>
    <Filter Include="Source Files">
      <UniqueIdentifier>{4FC737F1-C7A5-4376-A066-2A32D752A2FF}</UniqueIdentifier>
      <Extensions>cpp;c;cc;cxx;def;odl;idl;hpj;bat;asm;asmx</Extensions>
    </Filter>
    <Filter Include="Header Files">
      <UniqueIdentifier>{93995380-89BD-4b04-88EB-625FBE52EBFB}</UniqueIdentifier>
      <Extensions>h;hh;hpp;hxx;hm;inl;inc;xsd</Extensions>
    </Filter>
    <Filter Include="Resource Files">
      <UniqueIdentifier>{67DA6AB6-F800-4c08-8B7A-83BB121AAD01}</UniqueIdentifier>
      <Extensions>rc;ico;cur;bmp;dlg;rc2;rct;bin;rgs;gif;jpg;jpeg;jpe;resx;tiff;tif;png;wav;mfcribbon-ms</Extensions>
    </Filter>
  </ItemGroup>
  <ItemGroup>
    <ClCompile Include="Scheduler.cpp">
      <Filter>Source Files</Filter>
    </ClCompile>
    <ClCompile Include="SchedulerIOCP.cpp">
      <Filter>Source Files</Filter>
    </ClCompile>
    <ClCompile Include="ServiceBrokerRIO.cpp">
      <Filter>Source Files</Filter>
    </ClCompile>
    <ClCompile Include="Utilities.cpp">
      <Filter>Source Files</Filter>
    </ClCompile>
    <ClCompile Include="stdafx.cpp">
      <Filter>Source Files</Filter>
    </ClCompile>
    <ClCompile Include="Tracer.cpp">
      <Filter>Source Files</Filter>
    </ClCompile>
    <ClCompile Include="UtilitiesWin.cpp">
      <Filter>Source Files</Filter>
    </ClCompile>
    <ClCompile Include="Counters.cpp">
      <Filter>Source Files</Filter>
    </ClCompile>
    <ClCompile Include="RpcClient.cpp">
      <Filter>Source Files</Filter>
    </ClCompile>
  </ItemGroup>
  <ItemGroup>
    <ClInclude Include="Scheduler.hpp">
      <Filter>Header Files</Filter>
    </ClInclude>
    <ClInclude Include="SchedulerIOCP.hpp">
      <Filter>Header Files</Filter>
    </ClInclude>
    <ClInclude Include="ServiceBroker.hpp">
      <Filter>Header Files</Filter>
    </ClInclude>
    <ClInclude Include="ServiceBrokerRIO.hpp">
      <Filter>Header Files</Filter>
    </ClInclude>
    <ClInclude Include="Utilities.hpp">
      <Filter>Header Files</Filter>
    </ClInclude>
    <ClInclude Include="UtilitiesWin.hpp">
      <Filter>Header Files</Filter>
    </ClInclude>
    <ClInclude Include="stdafx.h">
      <Filter>Header Files</Filter>
    </ClInclude>
    <ClInclude Include="targetver.h">
      <Filter>Header Files</Filter>
    </ClInclude>
    <ClInclude Include="Datagram.hpp">
      <Filter>Header Files</Filter>
    </ClInclude>
    <ClInclude Include="Tracer.hpp">
      <Filter>Header Files</Filter>
    </ClInclude>
    <ClInclude Include="ETWTracing.h">
      <Filter>Header Files</Filter>
    </ClInclude>
    <ClInclude Include="UdpSession.hpp">
      <Filter>Header Files</Filter>
    </ClInclude>
    <ClInclude Include="Cuckoo.hpp">
      <Filter>Header Files</Filter>
    </ClInclude>
    <ClInclude Include="StatusWin.hpp">
      <Filter>Header Files</Filter>
    </ClInclude>
    <ClInclude Include="Counters.hpp">
      <Filter>Header Files</Filter>
    </ClInclude>
    <ClInclude Include="Rpc.hpp">
      <Filter>Header Files</Filter>
    </ClInclude>
  </ItemGroup>
  <ItemGroup>
    <Text Include="ReadMe.txt" />
  </ItemGroup>
  <ItemGroup>
    <None Include="EBTracing.man" />
    <None Include="CounterGen.ps1" />
  </ItemGroup>
  <ItemGroup>
    <ResourceCompile Include="ETWTracing.rc">
      <Filter>Resource Files</Filter>
    </ResourceCompile>
  </ItemGroup>
  <ItemGroup>
    <Xml Include="Counters.xml" />
  </ItemGroup>
</Project>